// !$*UTF8*$!
{
	archiveVersion = 1;
	classes = {
	};
	objectVersion = 56;
	objects = {

/* Begin PBXBuildFile section */
		18191A572B10AF4B00779FCC /* search.cpp in Sources */ = {isa = PBXBuildFile; fileRef = 18191A542B10AF4B00779FCC /* search.cpp */; };
		18191A582B10AF4B00779FCC /* main.cpp in Sources */ = {isa = PBXBuildFile; fileRef = 18191A562B10AF4B00779FCC /* main.cpp */; };
		18735FA52B10766100FD594E /* Csp.cpp in Sources */ = {isa = PBXBuildFile; fileRef = 18735FA32B10766100FD594E /* Csp.cpp */; };
		18735FA82B10768B00FD594E /* inference.cpp in Sources */ = {isa = PBXBuildFile; fileRef = 18735FA62B10768B00FD594E /* inference.cpp */; };
		18735FAB2B1076A800FD594E /* relation.cpp in Sources */ = {isa = PBXBuildFile; fileRef = 18735FA92B1076A800FD594E /* relation.cpp */; };
		18735FAE2B1076C000FD594E /* Queen.cpp in Sources */ = {isa = PBXBuildFile; fileRef = 18735FAC2B1076C000FD594E /* Queen.cpp */; };
/* End PBXBuildFile section */

/* Begin PBXCopyFilesBuildPhase section */
		183D6DEB2B0F46D700A4F340 /* CopyFiles */ = {
			isa = PBXCopyFilesBuildPhase;
			buildActionMask = 2147483647;
			dstPath = /usr/share/man/man1/;
			dstSubfolderSpec = 0;
			files = (
			);
			runOnlyForDeploymentPostprocessing = 1;
		};
/* End PBXCopyFilesBuildPhase section */

/* Begin PBXFileReference section */
		18191A542B10AF4B00779FCC /* search.cpp */ = {isa = PBXFileReference; fileEncoding = 4; lastKnownFileType = sourcecode.cpp.cpp; path = search.cpp; sourceTree = "<group>"; };
		18191A552B10AF4B00779FCC /* search.hpp */ = {isa = PBXFileReference; fileEncoding = 4; lastKnownFileType = sourcecode.cpp.h; path = search.hpp; sourceTree = "<group>"; };
		18191A562B10AF4B00779FCC /* main.cpp */ = {isa = PBXFileReference; fileEncoding = 4; lastKnownFileType = sourcecode.cpp.cpp; path = main.cpp; sourceTree = "<group>"; };
		183D6DED2B0F46D700A4F340 /* Homework_2 */ = {isa = PBXFileReference; explicitFileType = "compiled.mach-o.executable"; includeInIndex = 0; path = Homework_2; sourceTree = BUILT_PRODUCTS_DIR; };
		18735FA32B10766100FD594E /* Csp.cpp */ = {isa = PBXFileReference; lastKnownFileType = sourcecode.cpp.cpp; path = Csp.cpp; sourceTree = "<group>"; };
		18735FA42B10766100FD594E /* Csp.hpp */ = {isa = PBXFileReference; lastKnownFileType = sourcecode.cpp.h; path = Csp.hpp; sourceTree = "<group>"; };
		18735FA62B10768B00FD594E /* inference.cpp */ = {isa = PBXFileReference; fileEncoding = 4; lastKnownFileType = sourcecode.cpp.cpp; path = inference.cpp; sourceTree = "<group>"; };
		18735FA72B10768B00FD594E /* inference.hpp */ = {isa = PBXFileReference; fileEncoding = 4; lastKnownFileType = sourcecode.cpp.h; path = inference.hpp; sourceTree = "<group>"; };
		18735FA92B1076A800FD594E /* relation.cpp */ = {isa = PBXFileReference; lastKnownFileType = sourcecode.cpp.cpp; path = relation.cpp; sourceTree = "<group>"; };
		18735FAA2B1076A800FD594E /* relation.hpp */ = {isa = PBXFileReference; lastKnownFileType = sourcecode.cpp.h; path = relation.hpp; sourceTree = "<group>"; };
		18735FAC2B1076C000FD594E /* Queen.cpp */ = {isa = PBXFileReference; lastKnownFileType = sourcecode.cpp.cpp; path = Queen.cpp; sourceTree = "<group>"; };
		18735FAD2B1076C000FD594E /* Queen.hpp */ = {isa = PBXFileReference; lastKnownFileType = sourcecode.cpp.h; path = Queen.hpp; sourceTree = "<group>"; };
/* End PBXFileReference section */

/* Begin PBXFrameworksBuildPhase section */
		183D6DEA2B0F46D700A4F340 /* Frameworks */ = {
			isa = PBXFrameworksBuildPhase;
			buildActionMask = 2147483647;
			files = (
			);
			runOnlyForDeploymentPostprocessing = 0;
		};
/* End PBXFrameworksBuildPhase section */

/* Begin PBXGroup section */
		183D6DE42B0F46D700A4F340 = {
			isa = PBXGroup;
			children = (
				183D6DEF2B0F46D700A4F340 /* Homework_2 */,
				183D6DEE2B0F46D700A4F340 /* Products */,
			);
			sourceTree = "<group>";
			usesTabs = 0;
		};
		183D6DEE2B0F46D700A4F340 /* Products */ = {
			isa = PBXGroup;
			children = (
				183D6DED2B0F46D700A4F340 /* Homework_2 */,
			);
			name = Products;
			sourceTree = "<group>";
		};
		183D6DEF2B0F46D700A4F340 /* Homework_2 */ = {
			isa = PBXGroup;
			children = (
				18191A562B10AF4B00779FCC /* main.cpp */,
				18191A542B10AF4B00779FCC /* search.cpp */,
				18191A552B10AF4B00779FCC /* search.hpp */,
				18735FA32B10766100FD594E /* Csp.cpp */,
				18735FA62B10768B00FD594E /* inference.cpp */,
				18735FAC2B1076C000FD594E /* Queen.cpp */,
				18735FA92B1076A800FD594E /* relation.cpp */,
				18735FA42B10766100FD594E /* Csp.hpp */,
				18735FA72B10768B00FD594E /* inference.hpp */,
				18735FAD2B1076C000FD594E /* Queen.hpp */,
				18735FAA2B1076A800FD594E /* relation.hpp */,
			);
			path = Homework_2;
			sourceTree = "<group>";
		};
/* End PBXGroup section */

/* Begin PBXNativeTarget section */
		183D6DEC2B0F46D700A4F340 /* Homework_2 */ = {
			isa = PBXNativeTarget;
			buildConfigurationList = 183D6DF42B0F46D700A4F340 /* Build configuration list for PBXNativeTarget "Homework_2" */;
			buildPhases = (
				183D6DE92B0F46D700A4F340 /* Sources */,
				183D6DEA2B0F46D700A4F340 /* Frameworks */,
				183D6DEB2B0F46D700A4F340 /* CopyFiles */,
			);
			buildRules = (
			);
			dependencies = (
			);
			name = Homework_2;
			productName = Homework_2;
			productReference = 183D6DED2B0F46D700A4F340 /* Homework_2 */;
			productType = "com.apple.product-type.tool";
		};
/* End PBXNativeTarget section */

/* Begin PBXProject section */
		183D6DE52B0F46D700A4F340 /* Project object */ = {
			isa = PBXProject;
			attributes = {
				BuildIndependentTargetsInParallel = 1;
				LastUpgradeCheck = 1500;
				TargetAttributes = {
					183D6DEC2B0F46D700A4F340 = {
						CreatedOnToolsVersion = 15.0.1;
					};
				};
			};
			buildConfigurationList = 183D6DE82B0F46D700A4F340 /* Build configuration list for PBXProject "Homework_2" */;
			compatibilityVersion = "Xcode 14.0";
			developmentRegion = "zh-Hans";
			hasScannedForEncodings = 0;
			knownRegions = (
				en,
				"zh-Hans",
			);
			mainGroup = 183D6DE42B0F46D700A4F340;
			productRefGroup = 183D6DEE2B0F46D700A4F340 /* Products */;
			projectDirPath = "";
			projectRoot = "";
			targets = (
				183D6DEC2B0F46D700A4F340 /* Homework_2 */,
			);
		};
/* End PBXProject section */

/* Begin PBXSourcesBuildPhase section */
		183D6DE92B0F46D700A4F340 /* Sources */ = {
			isa = PBXSourcesBuildPhase;
			buildActionMask = 2147483647;
			files = (
				18191A572B10AF4B00779FCC /* search.cpp in Sources */,
				18735FAE2B1076C000FD594E /* Queen.cpp in Sources */,
				18191A582B10AF4B00779FCC /* main.cpp in Sources */,
				18735FA52B10766100FD594E /* Csp.cpp in Sources */,
				18735FA82B10768B00FD594E /* inference.cpp in Sources */,
				18735FAB2B1076A800FD594E /* relation.cpp in Sources */,
			);
			runOnlyForDeploymentPostprocessing = 0;
		};
/* End PBXSourcesBuildPhase section */

/* Begin XCBuildConfiguration section */
		183D6DF22B0F46D700A4F340 /* Debug */ = {
			isa = XCBuildConfiguration;
			buildSettings = {
				ALWAYS_SEARCH_USER_PATHS = NO;
				ASSETCATALOG_COMPILER_GENERATE_SWIFT_ASSET_SYMBOL_EXTENSIONS = YES;
				CLANG_ANALYZER_NONNULL = YES;
				CLANG_ANALYZER_NUMBER_OBJECT_CONVERSION = YES_AGGRESSIVE;
				CLANG_CXX_LANGUAGE_STANDARD = "gnu++20";
				CLANG_ENABLE_MODULES = YES;
				CLANG_ENABLE_OBJC_ARC = YES;
				CLANG_ENABLE_OBJC_WEAK = YES;
				CLANG_WARN_BLOCK_CAPTURE_AUTORELEASING = YES;
				CLANG_WARN_BOOL_CONVERSION = YES;
				CLANG_WARN_COMMA = YES;
				CLANG_WARN_CONSTANT_CONVERSION = YES;
				CLANG_WARN_DEPRECATED_OBJC_IMPLEMENTATIONS = YES;
				CLANG_WARN_DIRECT_OBJC_ISA_USAGE = YES_ERROR;
				CLANG_WARN_DOCUMENTATION_COMMENTS = YES;
				CLANG_WARN_EMPTY_BODY = YES;
				CLANG_WARN_ENUM_CONVERSION = YES;
				CLANG_WARN_INFINITE_RECURSION = YES;
				CLANG_WARN_INT_CONVERSION = YES;
				CLANG_WARN_NON_LITERAL_NULL_CONVERSION = YES;
				CLANG_WARN_OBJC_IMPLICIT_RETAIN_SELF = YES;
				CLANG_WARN_OBJC_LITERAL_CONVERSION = YES;
				CLANG_WARN_OBJC_ROOT_CLASS = YES_ERROR;
				CLANG_WARN_QUOTED_INCLUDE_IN_FRAMEWORK_HEADER = YES;
				CLANG_WARN_RANGE_LOOP_ANALYSIS = YES;
				CLANG_WARN_STRICT_PROTOTYPES = YES;
				CLANG_WARN_SUSPICIOUS_MOVE = YES;
				CLANG_WARN_UNGUARDED_AVAILABILITY = YES_AGGRESSIVE;
				CLANG_WARN_UNREACHABLE_CODE = YES;
				CLANG_WARN__DUPLICATE_METHOD_MATCH = YES;
				COPY_PHASE_STRIP = NO;
				DEBUG_INFORMATION_FORMAT = dwarf;
				ENABLE_STRICT_OBJC_MSGSEND = YES;
				ENABLE_TESTABILITY = YES;
				ENABLE_USER_SCRIPT_SANDBOXING = YES;
				GCC_C_LANGUAGE_STANDARD = gnu17;
				GCC_DYNAMIC_NO_PIC = NO;
				GCC_NO_COMMON_BLOCKS = YES;
				GCC_OPTIMIZATION_LEVEL = 0;
				GCC_PREPROCESSOR_DEFINITIONS = (
					"DEBUG=1",
					"$(inherited)",
				);
				GCC_WARN_64_TO_32_BIT_CONVERSION = YES;
				GCC_WARN_ABOUT_RETURN_TYPE = YES_ERROR;
				GCC_WARN_UNDECLARED_SELECTOR = YES;
				GCC_WARN_UNINITIALIZED_AUTOS = YES_AGGRESSIVE;
				GCC_WARN_UNUSED_FUNCTION = YES;
				GCC_WARN_UNUSED_VARIABLE = YES;
				LOCALIZATION_PREFERS_STRING_CATALOGS = NO;
				MACOSX_DEPLOYMENT_TARGET = 13.6;
				MTL_ENABLE_DEBUG_INFO = INCLUDE_SOURCE;
				MTL_FAST_MATH = YES;
				ONLY_ACTIVE_ARCH = YES;
				SDKROOT = macosx;
			};
			name = Debug;
		};
		183D6DF32B0F46D700A4F340 /* Release */ = {
			isa = XCBuildConfiguration;
			buildSettings = {
				ALWAYS_SEARCH_USER_PATHS = NO;
				ASSETCATALOG_COMPILER_GENERATE_SWIFT_ASSET_SYMBOL_EXTENSIONS = YES;
				CLANG_ANALYZER_NONNULL = YES;
				CLANG_ANALYZER_NUMBER_OBJECT_CONVERSION = YES_AGGRESSIVE;
				CLANG_CXX_LANGUAGE_STANDARD = "gnu++20";
				CLANG_ENABLE_MODULES = YES;
				CLANG_ENABLE_OBJC_ARC = YES;
				CLANG_ENABLE_OBJC_WEAK = YES;
				CLANG_WARN_BLOCK_CAPTURE_AUTORELEASING = YES;
				CLANG_WARN_BOOL_CONVERSION = YES;
				CLANG_WARN_COMMA = YES;
				CLANG_WARN_CONSTANT_CONVERSION = YES;
				CLANG_WARN_DEPRECATED_OBJC_IMPLEMENTATIONS = YES;
				CLANG_WARN_DIRECT_OBJC_ISA_USAGE = YES_ERROR;
				CLANG_WARN_DOCUMENTATION_COMMENTS = YES;
				CLANG_WARN_EMPTY_BODY = YES;
				CLANG_WARN_ENUM_CONVERSION = YES;
				CLANG_WARN_INFINITE_RECURSION = YES;
				CLANG_WARN_INT_CONVERSION = YES;
				CLANG_WARN_NON_LITERAL_NULL_CONVERSION = YES;
				CLANG_WARN_OBJC_IMPLICIT_RETAIN_SELF = YES;
				CLANG_WARN_OBJC_LITERAL_CONVERSION = YES;
				CLANG_WARN_OBJC_ROOT_CLASS = YES_ERROR;
				CLANG_WARN_QUOTED_INCLUDE_IN_FRAMEWORK_HEADER = YES;
				CLANG_WARN_RANGE_LOOP_ANALYSIS = YES;
				CLANG_WARN_STRICT_PROTOTYPES = YES;
				CLANG_WARN_SUSPICIOUS_MOVE = YES;
				CLANG_WARN_UNGUARDED_AVAILABILITY = YES_AGGRESSIVE;
				CLANG_WARN_UNREACHABLE_CODE = YES;
				CLANG_WARN__DUPLICATE_METHOD_MATCH = YES;
				COPY_PHASE_STRIP = NO;
				DEBUG_INFORMATION_FORMAT = "dwarf-with-dsym";
				ENABLE_NS_ASSERTIONS = NO;
				ENABLE_STRICT_OBJC_MSGSEND = YES;
				ENABLE_USER_SCRIPT_SANDBOXING = YES;
				GCC_C_LANGUAGE_STANDARD = gnu17;
				GCC_NO_COMMON_BLOCKS = YES;
				GCC_WARN_64_TO_32_BIT_CONVERSION = YES;
				GCC_WARN_ABOUT_RETURN_TYPE = YES_ERROR;
				GCC_WARN_UNDECLARED_SELECTOR = YES;
				GCC_WARN_UNINITIALIZED_AUTOS = YES_AGGRESSIVE;
				GCC_WARN_UNUSED_FUNCTION = YES;
				GCC_WARN_UNUSED_VARIABLE = YES;
				LOCALIZATION_PREFERS_STRING_CATALOGS = NO;
				MACOSX_DEPLOYMENT_TARGET = 13.6;
				MTL_ENABLE_DEBUG_INFO = NO;
				MTL_FAST_MATH = YES;
				SDKROOT = macosx;
			};
			name = Release;
		};
		183D6DF52B0F46D700A4F340 /* Debug */ = {
			isa = XCBuildConfiguration;
			buildSettings = {
				CODE_SIGN_STYLE = Automatic;
				DEVELOPMENT_TEAM = QK85CZXQSQ;
				ENABLE_HARDENED_RUNTIME = YES;
				PRODUCT_NAME = "$(TARGET_NAME)";
			};
			name = Debug;
		};
		183D6DF62B0F46D700A4F340 /* Release */ = {
			isa = XCBuildConfiguration;
			buildSettings = {
				CODE_SIGN_STYLE = Automatic;
				DEVELOPMENT_TEAM = QK85CZXQSQ;
				ENABLE_HARDENED_RUNTIME = YES;
				PRODUCT_NAME = "$(TARGET_NAME)";
			};
			name = Release;
		};
/* End XCBuildConfiguration section */

/* Begin XCConfigurationList section */
		183D6DE82B0F46D700A4F340 /* Build configuration list for PBXProject "Homework_2" */ = {
			isa = XCConfigurationList;
			buildConfigurations = (
				183D6DF22B0F46D700A4F340 /* Debug */,
				183D6DF32B0F46D700A4F340 /* Release */,
			);
			defaultConfigurationIsVisible = 0;
			defaultConfigurationName = Release;
		};
		183D6DF42B0F46D700A4F340 /* Build configuration list for PBXNativeTarget "Homework_2" */ = {
			isa = XCConfigurationList;
			buildConfigurations = (
				183D6DF52B0F46D700A4F340 /* Debug */,
				183D6DF62B0F46D700A4F340 /* Release */,
			);
			defaultConfigurationIsVisible = 0;
			defaultConfigurationName = Release;
		};
/* End XCConfigurationList section */
	};
	rootObject = 183D6DE52B0F46D700A4F340 /* Project object */;
}
