
Microsoft Visual Studio Solution File, Format Version 12.00
# Visual Studio Version 16
VisualStudioVersion = 16.0.32802.440
MinimumVisualStudioVersion = 10.0.40219.1
Project("{8BC9CEB8-8B4A-11D0-8D11-00A0C91BC942}") = "Pro4", "Pro4\Pro4.vcxproj", "{4BFB419F-E132-4BF6-897B-B6FA7AF35331}"
EndProject
Global
	GlobalSection(SolutionConfigurationPlatforms) = preSolution
		Debug|x64 = Debug|x64
		Debug|x86 = Debug|x86
		Release|x64 = Release|x64
		Release|x86 = Release|x86
	EndGlobalSection
	GlobalSection(ProjectConfigurationPlatforms) = postSolution
		{4BFB419F-E132-4BF6-897B-B6FA7AF35331}.Debug|x64.ActiveCfg = Debug|x64
		{4BFB419F-E132-4BF6-897B-B6FA7AF35331}.Debug|x64.Build.0 = Debug|x64
		{4BFB419F-E132-4BF6-897B-B6FA7AF35331}.Debug|x86.ActiveCfg = Debug|Win32
		{4BFB419F-E132-4BF6-897B-B6FA7AF35331}.Debug|x86.Build.0 = Debug|Win32
		{4BFB419F-E132-4BF6-897B-B6FA7AF35331}.Release|x64.ActiveCfg = Release|x64
		{4BFB419F-E132-4BF6-897B-B6FA7AF35331}.Release|x64.Build.0 = Release|x64
		{4BFB419F-E132-4BF6-897B-B6FA7AF35331}.Release|x86.ActiveCfg = Release|Win32
		{4BFB419F-E132-4BF6-897B-B6FA7AF35331}.Release|x86.Build.0 = Release|Win32
	EndGlobalSection
	GlobalSection(SolutionProperties) = preSolution
		HideSolutionNode = FALSE
	EndGlobalSection
	GlobalSection(ExtensibilityGlobals) = postSolution
		SolutionGuid = {16ABD0CA-F7FD-4F40-81E2-2044C5D8347D}
	EndGlobalSection
EndGlobal
