// !$*UTF8*$!
{
	archiveVersion = 1;
	classes = {
	};
	objectVersion = 56;
	objects = {

/* Begin PBXBuildFile section */
		18D4F1E42B1E2F12004250D9 /* main.cpp in Sources */ = {isa = PBXBuildFile; fileRef = 18D4F1E32B1E2F12004250D9 /* main.cpp */; };
		18D4F1EC2B1E2F40004250D9 /* Dataset.cpp in Sources */ = {isa = PBXBuildFile; fileRef = 18D4F1EA2B1E2F40004250D9 /* Dataset.cpp */; };
		18D4F1EF2B1E2F5C004250D9 /* DecisionTree.cpp in Sources */ = {isa = PBXBuildFile; fileRef = 18D4F1ED2B1E2F5C004250D9 /* DecisionTree.cpp */; };
		18D4F1F22B1E2F80004250D9 /* Example.cpp in Sources */ = {isa = PBXBuildFile; fileRef = 18D4F1F02B1E2F80004250D9 /* Example.cpp */; };
		18D4F1F52B1E2FA5004250D9 /* TreeNode.cpp in Sources */ = {isa = PBXBuildFile; fileRef = 18D4F1F32B1E2FA5004250D9 /* TreeNode.cpp */; };
		18D4F1F82B1E2FB5004250D9 /* util.cpp in Sources */ = {isa = PBXBuildFile; fileRef = 18D4F1F62B1E2FB5004250D9 /* util.cpp */; };
/* End PBXBuildFile section */

/* Begin PBXCopyFilesBuildPhase section */
		18D4F1DE2B1E2F12004250D9 /* CopyFiles */ = {
			isa = PBXCopyFilesBuildPhase;
			buildActionMask = 2147483647;
			dstPath = /usr/share/man/man1/;
			dstSubfolderSpec = 0;
			files = (
			);
			runOnlyForDeploymentPostprocessing = 1;
		};
/* End PBXCopyFilesBuildPhase section */

/* Begin PBXFileReference section */
		183BBE7F2B217B7000B0C11E /* test.csv */ = {isa = PBXFileReference; lastKnownFileType = text; path = test.csv; sourceTree = "<group>"; };
		18D4F1E02B1E2F12004250D9 /* Homework_3 */ = {isa = PBXFileReference; explicitFileType = "compiled.mach-o.executable"; includeInIndex = 0; path = Homework_3; sourceTree = BUILT_PRODUCTS_DIR; };
		18D4F1E32B1E2F12004250D9 /* main.cpp */ = {isa = PBXFileReference; lastKnownFileType = sourcecode.cpp.cpp; path = main.cpp; sourceTree = "<group>"; };
		18D4F1EA2B1E2F40004250D9 /* Dataset.cpp */ = {isa = PBXFileReference; lastKnownFileType = sourcecode.cpp.cpp; path = Dataset.cpp; sourceTree = "<group>"; };
		18D4F1EB2B1E2F40004250D9 /* Dataset.hpp */ = {isa = PBXFileReference; lastKnownFileType = sourcecode.cpp.h; path = Dataset.hpp; sourceTree = "<group>"; };
		18D4F1ED2B1E2F5C004250D9 /* DecisionTree.cpp */ = {isa = PBXFileReference; lastKnownFileType = sourcecode.cpp.cpp; path = DecisionTree.cpp; sourceTree = "<group>"; };
		18D4F1EE2B1E2F5C004250D9 /* DecisionTree.hpp */ = {isa = PBXFileReference; lastKnownFileType = sourcecode.cpp.h; path = DecisionTree.hpp; sourceTree = "<group>"; };
		18D4F1F02B1E2F80004250D9 /* Example.cpp */ = {isa = PBXFileReference; lastKnownFileType = sourcecode.cpp.cpp; path = Example.cpp; sourceTree = "<group>"; };
		18D4F1F12B1E2F80004250D9 /* Example.hpp */ = {isa = PBXFileReference; lastKnownFileType = sourcecode.cpp.h; path = Example.hpp; sourceTree = "<group>"; };
		18D4F1F32B1E2FA5004250D9 /* TreeNode.cpp */ = {isa = PBXFileReference; lastKnownFileType = sourcecode.cpp.cpp; path = TreeNode.cpp; sourceTree = "<group>"; };
		18D4F1F42B1E2FA5004250D9 /* TreeNode.hpp */ = {isa = PBXFileReference; lastKnownFileType = sourcecode.cpp.h; path = TreeNode.hpp; sourceTree = "<group>"; };
		18D4F1F62B1E2FB5004250D9 /* util.cpp */ = {isa = PBXFileReference; lastKnownFileType = sourcecode.cpp.cpp; path = util.cpp; sourceTree = "<group>"; };
		18D4F1F72B1E2FB5004250D9 /* util.hpp */ = {isa = PBXFileReference; lastKnownFileType = sourcecode.cpp.h; path = util.hpp; sourceTree = "<group>"; };
		18D4F1FE2B1E354D004250D9 /* train.csv */ = {isa = PBXFileReference; fileEncoding = 4; lastKnownFileType = text; path = train.csv; sourceTree = "<group>"; };
/* End PBXFileReference section */

/* Begin PBXFrameworksBuildPhase section */
		18D4F1DD2B1E2F12004250D9 /* Frameworks */ = {
			isa = PBXFrameworksBuildPhase;
			buildActionMask = 2147483647;
			files = (
			);
			runOnlyForDeploymentPostprocessing = 0;
		};
/* End PBXFrameworksBuildPhase section */

/* Begin PBXGroup section */
		18D4F1D72B1E2F12004250D9 = {
			isa = PBXGroup;
			children = (
				18D4F1FC2B1E354D004250D9 /* dataset */,
				18D4F1E22B1E2F12004250D9 /* Homework_3 */,
				18D4F1E12B1E2F12004250D9 /* Products */,
			);
			sourceTree = "<group>";
		};
		18D4F1E12B1E2F12004250D9 /* Products */ = {
			isa = PBXGroup;
			children = (
				18D4F1E02B1E2F12004250D9 /* Homework_3 */,
			);
			name = Products;
			sourceTree = "<group>";
		};
		18D4F1E22B1E2F12004250D9 /* Homework_3 */ = {
			isa = PBXGroup;
			children = (
				18D4F1E32B1E2F12004250D9 /* main.cpp */,
				18D4F1EA2B1E2F40004250D9 /* Dataset.cpp */,
				18D4F1EB2B1E2F40004250D9 /* Dataset.hpp */,
				18D4F1ED2B1E2F5C004250D9 /* DecisionTree.cpp */,
				18D4F1EE2B1E2F5C004250D9 /* DecisionTree.hpp */,
				18D4F1F02B1E2F80004250D9 /* Example.cpp */,
				18D4F1F12B1E2F80004250D9 /* Example.hpp */,
				18D4F1F32B1E2FA5004250D9 /* TreeNode.cpp */,
				18D4F1F42B1E2FA5004250D9 /* TreeNode.hpp */,
				18D4F1F62B1E2FB5004250D9 /* util.cpp */,
				18D4F1F72B1E2FB5004250D9 /* util.hpp */,
			);
			path = Homework_3;
			sourceTree = "<group>";
		};
		18D4F1FC2B1E354D004250D9 /* dataset */ = {
			isa = PBXGroup;
			children = (
				183BBE7F2B217B7000B0C11E /* test.csv */,
				18D4F1FE2B1E354D004250D9 /* train.csv */,
			);
			path = dataset;
			sourceTree = "<group>";
		};
/* End PBXGroup section */

/* Begin PBXNativeTarget section */
		18D4F1DF2B1E2F12004250D9 /* Homework_3 */ = {
			isa = PBXNativeTarget;
			buildConfigurationList = 18D4F1E72B1E2F12004250D9 /* Build configuration list for PBXNativeTarget "Homework_3" */;
			buildPhases = (
				18D4F1DC2B1E2F12004250D9 /* Sources */,
				18D4F1DD2B1E2F12004250D9 /* Frameworks */,
				18D4F1DE2B1E2F12004250D9 /* CopyFiles */,
			);
			buildRules = (
			);
			dependencies = (
			);
			name = Homework_3;
			productName = Homework_3;
			productReference = 18D4F1E02B1E2F12004250D9 /* Homework_3 */;
			productType = "com.apple.product-type.tool";
		};
/* End PBXNativeTarget section */

/* Begin PBXProject section */
		18D4F1D82B1E2F12004250D9 /* Project object */ = {
			isa = PBXProject;
			attributes = {
				BuildIndependentTargetsInParallel = 1;
				LastUpgradeCheck = 1500;
				TargetAttributes = {
					18D4F1DF2B1E2F12004250D9 = {
						CreatedOnToolsVersion = 15.0.1;
					};
				};
			};
			buildConfigurationList = 18D4F1DB2B1E2F12004250D9 /* Build configuration list for PBXProject "Homework_3" */;
			compatibilityVersion = "Xcode 14.0";
			developmentRegion = en;
			hasScannedForEncodings = 0;
			knownRegions = (
				en,
				Base,
			);
			mainGroup = 18D4F1D72B1E2F12004250D9;
			productRefGroup = 18D4F1E12B1E2F12004250D9 /* Products */;
			projectDirPath = "";
			projectRoot = "";
			targets = (
				18D4F1DF2B1E2F12004250D9 /* Homework_3 */,
			);
		};
/* End PBXProject section */

/* Begin PBXSourcesBuildPhase section */
		18D4F1DC2B1E2F12004250D9 /* Sources */ = {
			isa = PBXSourcesBuildPhase;
			buildActionMask = 2147483647;
			files = (
				18D4F1F22B1E2F80004250D9 /* Example.cpp in Sources */,
				18D4F1EF2B1E2F5C004250D9 /* DecisionTree.cpp in Sources */,
				18D4F1F52B1E2FA5004250D9 /* TreeNode.cpp in Sources */,
				18D4F1EC2B1E2F40004250D9 /* Dataset.cpp in Sources */,
				18D4F1E42B1E2F12004250D9 /* main.cpp in Sources */,
				18D4F1F82B1E2FB5004250D9 /* util.cpp in Sources */,
			);
			runOnlyForDeploymentPostprocessing = 0;
		};
/* End PBXSourcesBuildPhase section */

/* Begin XCBuildConfiguration section */
		18D4F1E52B1E2F12004250D9 /* Debug */ = {
			isa = XCBuildConfiguration;
			buildSettings = {
				ALWAYS_SEARCH_USER_PATHS = NO;
				ASSETCATALOG_COMPILER_GENERATE_SWIFT_ASSET_SYMBOL_EXTENSIONS = YES;
				CLANG_ANALYZER_NONNULL = YES;
				CLANG_ANALYZER_NUMBER_OBJECT_CONVERSION = YES_AGGRESSIVE;
				CLANG_CXX_LANGUAGE_STANDARD = "gnu++20";
				CLANG_ENABLE_MODULES = YES;
				CLANG_ENABLE_OBJC_ARC = YES;
				CLANG_ENABLE_OBJC_WEAK = YES;
				CLANG_WARN_BLOCK_CAPTURE_AUTORELEASING = YES;
				CLANG_WARN_BOOL_CONVERSION = YES;
				CLANG_WARN_COMMA = YES;
				CLANG_WARN_CONSTANT_CONVERSION = YES;
				CLANG_WARN_DEPRECATED_OBJC_IMPLEMENTATIONS = YES;
				CLANG_WARN_DIRECT_OBJC_ISA_USAGE = YES_ERROR;
				CLANG_WARN_DOCUMENTATION_COMMENTS = YES;
				CLANG_WARN_EMPTY_BODY = YES;
				CLANG_WARN_ENUM_CONVERSION = YES;
				CLANG_WARN_INFINITE_RECURSION = YES;
				CLANG_WARN_INT_CONVERSION = YES;
				CLANG_WARN_NON_LITERAL_NULL_CONVERSION = YES;
				CLANG_WARN_OBJC_IMPLICIT_RETAIN_SELF = YES;
				CLANG_WARN_OBJC_LITERAL_CONVERSION = YES;
				CLANG_WARN_OBJC_ROOT_CLASS = YES_ERROR;
				CLANG_WARN_QUOTED_INCLUDE_IN_FRAMEWORK_HEADER = YES;
				CLANG_WARN_RANGE_LOOP_ANALYSIS = YES;
				CLANG_WARN_STRICT_PROTOTYPES = YES;
				CLANG_WARN_SUSPICIOUS_MOVE = YES;
				CLANG_WARN_UNGUARDED_AVAILABILITY = YES_AGGRESSIVE;
				CLANG_WARN_UNREACHABLE_CODE = YES;
				CLANG_WARN__DUPLICATE_METHOD_MATCH = YES;
				COPY_PHASE_STRIP = NO;
				DEBUG_INFORMATION_FORMAT = dwarf;
				ENABLE_STRICT_OBJC_MSGSEND = YES;
				ENABLE_TESTABILITY = YES;
				ENABLE_USER_SCRIPT_SANDBOXING = YES;
				GCC_C_LANGUAGE_STANDARD = gnu17;
				GCC_DYNAMIC_NO_PIC = NO;
				GCC_NO_COMMON_BLOCKS = YES;
				GCC_OPTIMIZATION_LEVEL = 0;
				GCC_PREPROCESSOR_DEFINITIONS = (
					"DEBUG=1",
					"$(inherited)",
				);
				GCC_WARN_64_TO_32_BIT_CONVERSION = YES;
				GCC_WARN_ABOUT_RETURN_TYPE = YES_ERROR;
				GCC_WARN_UNDECLARED_SELECTOR = YES;
				GCC_WARN_UNINITIALIZED_AUTOS = YES_AGGRESSIVE;
				GCC_WARN_UNUSED_FUNCTION = YES;
				GCC_WARN_UNUSED_VARIABLE = YES;
				LOCALIZATION_PREFERS_STRING_CATALOGS = YES;
				MACOSX_DEPLOYMENT_TARGET = 13.6;
				MTL_ENABLE_DEBUG_INFO = INCLUDE_SOURCE;
				MTL_FAST_MATH = YES;
				ONLY_ACTIVE_ARCH = YES;
				SDKROOT = macosx;
			};
			name = Debug;
		};
		18D4F1E62B1E2F12004250D9 /* Release */ = {
			isa = XCBuildConfiguration;
			buildSettings = {
				ALWAYS_SEARCH_USER_PATHS = NO;
				ASSETCATALOG_COMPILER_GENERATE_SWIFT_ASSET_SYMBOL_EXTENSIONS = YES;
				CLANG_ANALYZER_NONNULL = YES;
				CLANG_ANALYZER_NUMBER_OBJECT_CONVERSION = YES_AGGRESSIVE;
				CLANG_CXX_LANGUAGE_STANDARD = "gnu++20";
				CLANG_ENABLE_MODULES = YES;
				CLANG_ENABLE_OBJC_ARC = YES;
				CLANG_ENABLE_OBJC_WEAK = YES;
				CLANG_WARN_BLOCK_CAPTURE_AUTORELEASING = YES;
				CLANG_WARN_BOOL_CONVERSION = YES;
				CLANG_WARN_COMMA = YES;
				CLANG_WARN_CONSTANT_CONVERSION = YES;
				CLANG_WARN_DEPRECATED_OBJC_IMPLEMENTATIONS = YES;
				CLANG_WARN_DIRECT_OBJC_ISA_USAGE = YES_ERROR;
				CLANG_WARN_DOCUMENTATION_COMMENTS = YES;
				CLANG_WARN_EMPTY_BODY = YES;
				CLANG_WARN_ENUM_CONVERSION = YES;
				CLANG_WARN_INFINITE_RECURSION = YES;
				CLANG_WARN_INT_CONVERSION = YES;
				CLANG_WARN_NON_LITERAL_NULL_CONVERSION = YES;
				CLANG_WARN_OBJC_IMPLICIT_RETAIN_SELF = YES;
				CLANG_WARN_OBJC_LITERAL_CONVERSION = YES;
				CLANG_WARN_OBJC_ROOT_CLASS = YES_ERROR;
				CLANG_WARN_QUOTED_INCLUDE_IN_FRAMEWORK_HEADER = YES;
				CLANG_WARN_RANGE_LOOP_ANALYSIS = YES;
				CLANG_WARN_STRICT_PROTOTYPES = YES;
				CLANG_WARN_SUSPICIOUS_MOVE = YES;
				CLANG_WARN_UNGUARDED_AVAILABILITY = YES_AGGRESSIVE;
				CLANG_WARN_UNREACHABLE_CODE = YES;
				CLANG_WARN__DUPLICATE_METHOD_MATCH = YES;
				COPY_PHASE_STRIP = NO;
				DEBUG_INFORMATION_FORMAT = "dwarf-with-dsym";
				ENABLE_NS_ASSERTIONS = NO;
				ENABLE_STRICT_OBJC_MSGSEND = YES;
				ENABLE_USER_SCRIPT_SANDBOXING = YES;
				GCC_C_LANGUAGE_STANDARD = gnu17;
				GCC_NO_COMMON_BLOCKS = YES;
				GCC_WARN_64_TO_32_BIT_CONVERSION = YES;
				GCC_WARN_ABOUT_RETURN_TYPE = YES_ERROR;
				GCC_WARN_UNDECLARED_SELECTOR = YES;
				GCC_WARN_UNINITIALIZED_AUTOS = YES_AGGRESSIVE;
				GCC_WARN_UNUSED_FUNCTION = YES;
				GCC_WARN_UNUSED_VARIABLE = YES;
				LOCALIZATION_PREFERS_STRING_CATALOGS = YES;
				MACOSX_DEPLOYMENT_TARGET = 13.6;
				MTL_ENABLE_DEBUG_INFO = NO;
				MTL_FAST_MATH = YES;
				SDKROOT = macosx;
			};
			name = Release;
		};
		18D4F1E82B1E2F12004250D9 /* Debug */ = {
			isa = XCBuildConfiguration;
			buildSettings = {
				CODE_SIGN_STYLE = Automatic;
				DEVELOPMENT_TEAM = QK85CZXQSQ;
				ENABLE_HARDENED_RUNTIME = YES;
				PRODUCT_NAME = "$(TARGET_NAME)";
			};
			name = Debug;
		};
		18D4F1E92B1E2F12004250D9 /* Release */ = {
			isa = XCBuildConfiguration;
			buildSettings = {
				CODE_SIGN_STYLE = Automatic;
				DEVELOPMENT_TEAM = QK85CZXQSQ;
				ENABLE_HARDENED_RUNTIME = YES;
				PRODUCT_NAME = "$(TARGET_NAME)";
			};
			name = Release;
		};
/* End XCBuildConfiguration section */

/* Begin XCConfigurationList section */
		18D4F1DB2B1E2F12004250D9 /* Build configuration list for PBXProject "Homework_3" */ = {
			isa = XCConfigurationList;
			buildConfigurations = (
				18D4F1E52B1E2F12004250D9 /* Debug */,
				18D4F1E62B1E2F12004250D9 /* Release */,
			);
			defaultConfigurationIsVisible = 0;
			defaultConfigurationName = Release;
		};
		18D4F1E72B1E2F12004250D9 /* Build configuration list for PBXNativeTarget "Homework_3" */ = {
			isa = XCConfigurationList;
			buildConfigurations = (
				18D4F1E82B1E2F12004250D9 /* Debug */,
				18D4F1E92B1E2F12004250D9 /* Release */,
			);
			defaultConfigurationIsVisible = 0;
			defaultConfigurationName = Release;
		};
/* End XCConfigurationList section */
	};
	rootObject = 18D4F1D82B1E2F12004250D9 /* Project object */;
}
